
Microsoft Visual Studio Solution File, Format Version 12.00
# Visual Studio 2012
Project("{FAE04EC0-301F-11D3-BF4B-00C04F79EFBC}") = "TrayGarden", "TrayGarden\TrayGarden.csproj", "{7BB35110-1966-4FF1-92A2-764F78BF0AA2}"
EndProject
Project("{FAE04EC0-301F-11D3-BF4B-00C04F79EFBC}") = "ClipboardChangerPlant", "ClipboardChangerPlant\ClipboardChangerPlant.csproj", "{9B1AEEE8-DC2B-4EA6-A5A1-653E56CCD8A7}"
EndProject
Project("{FAE04EC0-301F-11D3-BF4B-00C04F79EFBC}") = "SmallApplicationLauncher", "SmallApplicationLauncher\SmallApplicationLauncher.csproj", "{243DE217-3CC2-47EB-812D-B954519EE585}"
EndProject
Global
	GlobalSection(SolutionConfigurationPlatforms) = preSolution
		Debug|Any CPU = Debug|Any CPU
		Release|Any CPU = Release|Any CPU
	EndGlobalSection
	GlobalSection(ProjectConfigurationPlatforms) = postSolution
		{7BB35110-1966-4FF1-92A2-764F78BF0AA2}.Debug|Any CPU.ActiveCfg = Debug|Any CPU
		{7BB35110-1966-4FF1-92A2-764F78BF0AA2}.Debug|Any CPU.Build.0 = Debug|Any CPU
		{7BB35110-1966-4FF1-92A2-764F78BF0AA2}.Release|Any CPU.ActiveCfg = Release|Any CPU
		{7BB35110-1966-4FF1-92A2-764F78BF0AA2}.Release|Any CPU.Build.0 = Release|Any CPU
		{9B1AEEE8-DC2B-4EA6-A5A1-653E56CCD8A7}.Debug|Any CPU.ActiveCfg = Debug|Any CPU
		{9B1AEEE8-DC2B-4EA6-A5A1-653E56CCD8A7}.Debug|Any CPU.Build.0 = Debug|Any CPU
		{9B1AEEE8-DC2B-4EA6-A5A1-653E56CCD8A7}.Release|Any CPU.ActiveCfg = Release|Any CPU
		{9B1AEEE8-DC2B-4EA6-A5A1-653E56CCD8A7}.Release|Any CPU.Build.0 = Release|Any CPU
		{243DE217-3CC2-47EB-812D-B954519EE585}.Debug|Any CPU.ActiveCfg = Debug|Any CPU
		{243DE217-3CC2-47EB-812D-B954519EE585}.Debug|Any CPU.Build.0 = Debug|Any CPU
		{243DE217-3CC2-47EB-812D-B954519EE585}.Release|Any CPU.ActiveCfg = Release|Any CPU
		{243DE217-3CC2-47EB-812D-B954519EE585}.Release|Any CPU.Build.0 = Release|Any CPU
	EndGlobalSection
	GlobalSection(SolutionProperties) = preSolution
		HideSolutionNode = FALSE
	EndGlobalSection
EndGlobal
