
Microsoft Visual Studio Solution File, Format Version 12.00
# Visual Studio 2013
VisualStudioVersion = 12.0.40629.0
MinimumVisualStudioVersion = 10.0.40219.1
Project("{FAE04EC0-301F-11D3-BF4B-00C04F79EFBC}") = "TrayGarden", "TrayGarden\TrayGarden.csproj", "{7BB35110-1966-4FF1-92A2-764F78BF0AA2}"
EndProject
Project("{FAE04EC0-301F-11D3-BF4B-00C04F79EFBC}") = "ClipboardChangerPlant", "ClipboardChangerPlant\ClipboardChangerPlant.csproj", "{9B1AEEE8-DC2B-4EA6-A5A1-653E56CCD8A7}"
EndProject
Project("{FAE04EC0-301F-11D3-BF4B-00C04F79EFBC}") = "SmallApplicationLauncher", "SmallApplicationLauncher\SmallApplicationLauncher.csproj", "{243DE217-3CC2-47EB-812D-B954519EE585}"
EndProject
Project("{FAE04EC0-301F-11D3-BF4B-00C04F79EFBC}") = "WindowsLangHotKeysSetter", "WindowsLangHotKeysSetter\WindowsLangHotKeysSetter.csproj", "{CF8E2038-5D28-45C6-A51C-22F234703D8D}"
EndProject
Project("{FAE04EC0-301F-11D3-BF4B-00C04F79EFBC}") = "TelegramToggleWindowHook", "TelegramToggleWindowHook\TelegramToggleWindowHook.csproj", "{054EEE3C-F939-4E30-8359-15AAA772B1E7}"
EndProject
Global
	GlobalSection(SolutionConfigurationPlatforms) = preSolution
		Debug|Any CPU = Debug|Any CPU
		Release|Any CPU = Release|Any CPU
	EndGlobalSection
	GlobalSection(ProjectConfigurationPlatforms) = postSolution
		{7BB35110-1966-4FF1-92A2-764F78BF0AA2}.Debug|Any CPU.ActiveCfg = Debug|Any CPU
		{7BB35110-1966-4FF1-92A2-764F78BF0AA2}.Debug|Any CPU.Build.0 = Debug|Any CPU
		{7BB35110-1966-4FF1-92A2-764F78BF0AA2}.Release|Any CPU.ActiveCfg = Release|Any CPU
		{7BB35110-1966-4FF1-92A2-764F78BF0AA2}.Release|Any CPU.Build.0 = Release|Any CPU
		{9B1AEEE8-DC2B-4EA6-A5A1-653E56CCD8A7}.Debug|Any CPU.ActiveCfg = Debug|Any CPU
		{9B1AEEE8-DC2B-4EA6-A5A1-653E56CCD8A7}.Debug|Any CPU.Build.0 = Debug|Any CPU
		{9B1AEEE8-DC2B-4EA6-A5A1-653E56CCD8A7}.Release|Any CPU.ActiveCfg = Release|Any CPU
		{9B1AEEE8-DC2B-4EA6-A5A1-653E56CCD8A7}.Release|Any CPU.Build.0 = Release|Any CPU
		{243DE217-3CC2-47EB-812D-B954519EE585}.Debug|Any CPU.ActiveCfg = Debug|Any CPU
		{243DE217-3CC2-47EB-812D-B954519EE585}.Debug|Any CPU.Build.0 = Debug|Any CPU
		{243DE217-3CC2-47EB-812D-B954519EE585}.Release|Any CPU.ActiveCfg = Release|Any CPU
		{243DE217-3CC2-47EB-812D-B954519EE585}.Release|Any CPU.Build.0 = Release|Any CPU
		{CF8E2038-5D28-45C6-A51C-22F234703D8D}.Debug|Any CPU.ActiveCfg = Debug|Any CPU
		{CF8E2038-5D28-45C6-A51C-22F234703D8D}.Debug|Any CPU.Build.0 = Debug|Any CPU
		{CF8E2038-5D28-45C6-A51C-22F234703D8D}.Release|Any CPU.ActiveCfg = Release|Any CPU
		{CF8E2038-5D28-45C6-A51C-22F234703D8D}.Release|Any CPU.Build.0 = Release|Any CPU
		{054EEE3C-F939-4E30-8359-15AAA772B1E7}.Debug|Any CPU.ActiveCfg = Debug|Any CPU
		{054EEE3C-F939-4E30-8359-15AAA772B1E7}.Debug|Any CPU.Build.0 = Debug|Any CPU
		{054EEE3C-F939-4E30-8359-15AAA772B1E7}.Release|Any CPU.ActiveCfg = Release|Any CPU
		{054EEE3C-F939-4E30-8359-15AAA772B1E7}.Release|Any CPU.Build.0 = Release|Any CPU
	EndGlobalSection
	GlobalSection(SolutionProperties) = preSolution
		HideSolutionNode = FALSE
	EndGlobalSection
EndGlobal
